
Microsoft Visual Studio Solution File, Format Version 12.00
# Visual Studio Version 17
VisualStudioVersion = 17.4.33213.308
MinimumVisualStudioVersion = 10.0.40219.1
Project("{9A19103F-16F7-4668-BE54-9A1E7A4F7556}") = "OnionArchitectureAPI", "OnionArchitectureAPI\OnionArchitectureAPI.csproj", "{607614FA-A2E2-44DF-92AE-3D6C4087C0CF}"
EndProject
Project("{9A19103F-16F7-4668-BE54-9A1E7A4F7556}") = "DomainLayer", "DomainLayer\DomainLayer.csproj", "{24025012-1E28-41BF-8E0A-3290BD775A25}"
EndProject
Project("{9A19103F-16F7-4668-BE54-9A1E7A4F7556}") = "RepositoryLayer", "RepositoryLayer\RepositoryLayer.csproj", "{E5133491-3295-4A63-A845-1A68BB3D7FB1}"
EndProject
Project("{9A19103F-16F7-4668-BE54-9A1E7A4F7556}") = "ServiceLayer", "ServiceLayer\ServiceLayer.csproj", "{3FFBADD2-E883-4F25-8528-3950655D05A9}"
EndProject
Project("{9A19103F-16F7-4668-BE54-9A1E7A4F7556}") = "OnionConsumeWebAPI", "OnionConsumeWebAPI\OnionConsumeWebAPI.csproj", "{B6891B51-C756-4DA5-9E40-97182DE8FB55}"
EndProject
Project("{9A19103F-16F7-4668-BE54-9A1E7A4F7556}") = "Utility", "Utility\Utility.csproj", "{6619DE03-424B-4252-9953-FCAD7BEC244D}"
EndProject
Project("{2150E333-8FDC-42A3-9474-1A3956D46DE8}") = "Airlines", "Airlines", "{A6BA223B-6785-492E-A349-B906AE76F6C8}"
EndProject
Project("{9A19103F-16F7-4668-BE54-9A1E7A4F7556}") = "Indigo", "Indigo\Indigo.csproj", "{00E6BDC4-FAD3-4C68-96F7-FD67576A36B5}"
EndProject
Global
	GlobalSection(SolutionConfigurationPlatforms) = preSolution
		Debug|Any CPU = Debug|Any CPU
		Release|Any CPU = Release|Any CPU
	EndGlobalSection
	GlobalSection(ProjectConfigurationPlatforms) = postSolution
		{607614FA-A2E2-44DF-92AE-3D6C4087C0CF}.Debug|Any CPU.ActiveCfg = Debug|Any CPU
		{607614FA-A2E2-44DF-92AE-3D6C4087C0CF}.Debug|Any CPU.Build.0 = Debug|Any CPU
		{607614FA-A2E2-44DF-92AE-3D6C4087C0CF}.Release|Any CPU.ActiveCfg = Release|Any CPU
		{607614FA-A2E2-44DF-92AE-3D6C4087C0CF}.Release|Any CPU.Build.0 = Release|Any CPU
		{24025012-1E28-41BF-8E0A-3290BD775A25}.Debug|Any CPU.ActiveCfg = Debug|Any CPU
		{24025012-1E28-41BF-8E0A-3290BD775A25}.Debug|Any CPU.Build.0 = Debug|Any CPU
		{24025012-1E28-41BF-8E0A-3290BD775A25}.Release|Any CPU.ActiveCfg = Release|Any CPU
		{24025012-1E28-41BF-8E0A-3290BD775A25}.Release|Any CPU.Build.0 = Release|Any CPU
		{E5133491-3295-4A63-A845-1A68BB3D7FB1}.Debug|Any CPU.ActiveCfg = Debug|Any CPU
		{E5133491-3295-4A63-A845-1A68BB3D7FB1}.Debug|Any CPU.Build.0 = Debug|Any CPU
		{E5133491-3295-4A63-A845-1A68BB3D7FB1}.Release|Any CPU.ActiveCfg = Release|Any CPU
		{E5133491-3295-4A63-A845-1A68BB3D7FB1}.Release|Any CPU.Build.0 = Release|Any CPU
		{3FFBADD2-E883-4F25-8528-3950655D05A9}.Debug|Any CPU.ActiveCfg = Debug|Any CPU
		{3FFBADD2-E883-4F25-8528-3950655D05A9}.Debug|Any CPU.Build.0 = Debug|Any CPU
		{3FFBADD2-E883-4F25-8528-3950655D05A9}.Release|Any CPU.ActiveCfg = Release|Any CPU
		{3FFBADD2-E883-4F25-8528-3950655D05A9}.Release|Any CPU.Build.0 = Release|Any CPU
		{B6891B51-C756-4DA5-9E40-97182DE8FB55}.Debug|Any CPU.ActiveCfg = Debug|Any CPU
		{B6891B51-C756-4DA5-9E40-97182DE8FB55}.Debug|Any CPU.Build.0 = Debug|Any CPU
		{B6891B51-C756-4DA5-9E40-97182DE8FB55}.Release|Any CPU.ActiveCfg = Release|Any CPU
		{B6891B51-C756-4DA5-9E40-97182DE8FB55}.Release|Any CPU.Build.0 = Release|Any CPU
		{6619DE03-424B-4252-9953-FCAD7BEC244D}.Debug|Any CPU.ActiveCfg = Debug|Any CPU
		{6619DE03-424B-4252-9953-FCAD7BEC244D}.Debug|Any CPU.Build.0 = Debug|Any CPU
		{6619DE03-424B-4252-9953-FCAD7BEC244D}.Release|Any CPU.ActiveCfg = Release|Any CPU
		{6619DE03-424B-4252-9953-FCAD7BEC244D}.Release|Any CPU.Build.0 = Release|Any CPU
		{00E6BDC4-FAD3-4C68-96F7-FD67576A36B5}.Debug|Any CPU.ActiveCfg = Debug|Any CPU
		{00E6BDC4-FAD3-4C68-96F7-FD67576A36B5}.Debug|Any CPU.Build.0 = Debug|Any CPU
		{00E6BDC4-FAD3-4C68-96F7-FD67576A36B5}.Release|Any CPU.ActiveCfg = Release|Any CPU
		{00E6BDC4-FAD3-4C68-96F7-FD67576A36B5}.Release|Any CPU.Build.0 = Release|Any CPU
	EndGlobalSection
	GlobalSection(SolutionProperties) = preSolution
		HideSolutionNode = FALSE
	EndGlobalSection
	GlobalSection(NestedProjects) = preSolution
		{00E6BDC4-FAD3-4C68-96F7-FD67576A36B5} = {A6BA223B-6785-492E-A349-B906AE76F6C8}
	EndGlobalSection
	GlobalSection(ExtensibilityGlobals) = postSolution
		SolutionGuid = {B4DD21ED-3A09-4A66-8426-C33C08C10C76}
	EndGlobalSection
EndGlobal
